
Microsoft Visual Studio Solution File, Format Version 12.00
# Visual Studio Version 16
VisualStudioVersion = 16.0.29424.173
MinimumVisualStudioVersion = 10.0.40219.1
Project("{9A19103F-16F7-4668-BE54-9A1E7A4F7556}") = "WebTaskReports", "WebTaskReports\WebTaskReports.csproj", "{658992A0-DBFE-404F-BD30-43A65EEDACE6}"
	ProjectSection(ProjectDependencies) = postProject
		{14803443-5051-4EB4-8B3D-3AD8F12F868F} = {14803443-5051-4EB4-8B3D-3AD8F12F868F}
		{8C1FEA4E-F35F-46E7-B558-14D645DC4BED} = {8C1FEA4E-F35F-46E7-B558-14D645DC4BED}
	EndProjectSection
EndProject
Project("{9A19103F-16F7-4668-BE54-9A1E7A4F7556}") = "WebTestApp", "WebTestApp\WebTestApp.csproj", "{3E02FEC7-768F-4D7C-BFBD-DB2CB63B7854}"
EndProject
Project("{FAE04EC0-301F-11D3-BF4B-00C04F79EFBC}") = "WebTaskReports.DAL", "WebTaskReports.DAL\WebTaskReports.DAL.csproj", "{8C1FEA4E-F35F-46E7-B558-14D645DC4BED}"
	ProjectSection(ProjectDependencies) = postProject
		{14803443-5051-4EB4-8B3D-3AD8F12F868F} = {14803443-5051-4EB4-8B3D-3AD8F12F868F}
	EndProjectSection
EndProject
Project("{FAE04EC0-301F-11D3-BF4B-00C04F79EFBC}") = "WebTaskReports.Domain", "WebTaskReports.Domain\WebTaskReports.Domain.csproj", "{14803443-5051-4EB4-8B3D-3AD8F12F868F}"
EndProject
Global
	GlobalSection(SolutionConfigurationPlatforms) = preSolution
		Debug|Any CPU = Debug|Any CPU
		Release|Any CPU = Release|Any CPU
	EndGlobalSection
	GlobalSection(ProjectConfigurationPlatforms) = postSolution
		{658992A0-DBFE-404F-BD30-43A65EEDACE6}.Debug|Any CPU.ActiveCfg = Debug|Any CPU
		{658992A0-DBFE-404F-BD30-43A65EEDACE6}.Debug|Any CPU.Build.0 = Debug|Any CPU
		{658992A0-DBFE-404F-BD30-43A65EEDACE6}.Release|Any CPU.ActiveCfg = Release|Any CPU
		{658992A0-DBFE-404F-BD30-43A65EEDACE6}.Release|Any CPU.Build.0 = Release|Any CPU
		{3E02FEC7-768F-4D7C-BFBD-DB2CB63B7854}.Debug|Any CPU.ActiveCfg = Debug|Any CPU
		{3E02FEC7-768F-4D7C-BFBD-DB2CB63B7854}.Debug|Any CPU.Build.0 = Debug|Any CPU
		{3E02FEC7-768F-4D7C-BFBD-DB2CB63B7854}.Release|Any CPU.ActiveCfg = Release|Any CPU
		{3E02FEC7-768F-4D7C-BFBD-DB2CB63B7854}.Release|Any CPU.Build.0 = Release|Any CPU
		{8C1FEA4E-F35F-46E7-B558-14D645DC4BED}.Debug|Any CPU.ActiveCfg = Debug|Any CPU
		{8C1FEA4E-F35F-46E7-B558-14D645DC4BED}.Debug|Any CPU.Build.0 = Debug|Any CPU
		{8C1FEA4E-F35F-46E7-B558-14D645DC4BED}.Release|Any CPU.ActiveCfg = Release|Any CPU
		{8C1FEA4E-F35F-46E7-B558-14D645DC4BED}.Release|Any CPU.Build.0 = Release|Any CPU
		{14803443-5051-4EB4-8B3D-3AD8F12F868F}.Debug|Any CPU.ActiveCfg = Debug|Any CPU
		{14803443-5051-4EB4-8B3D-3AD8F12F868F}.Debug|Any CPU.Build.0 = Debug|Any CPU
		{14803443-5051-4EB4-8B3D-3AD8F12F868F}.Release|Any CPU.ActiveCfg = Release|Any CPU
		{14803443-5051-4EB4-8B3D-3AD8F12F868F}.Release|Any CPU.Build.0 = Release|Any CPU
	EndGlobalSection
	GlobalSection(SolutionProperties) = preSolution
		HideSolutionNode = FALSE
	EndGlobalSection
	GlobalSection(ExtensibilityGlobals) = postSolution
		SolutionGuid = {C94306F7-7A82-4012-BA46-2BE625DB219F}
	EndGlobalSection
EndGlobal
