
Microsoft Visual Studio Solution File, Format Version 12.00
# Visual Studio Version 16
VisualStudioVersion = 16.0.29424.173
MinimumVisualStudioVersion = 10.0.40219.1
Project("{2150E333-8FDC-42A3-9474-1A3956D46DE8}") = "UI", "UI", "{426686D6-BA45-4059-B983-ABE0B3057617}"
EndProject
Project("{2150E333-8FDC-42A3-9474-1A3956D46DE8}") = "Services", "Services", "{7239E506-B12C-4A2D-857B-AD2486B5B461}"
EndProject
Project("{2150E333-8FDC-42A3-9474-1A3956D46DE8}") = "Common", "Common", "{601AF39D-7EB1-4DDC-B75D-23D64196F6FF}"
EndProject
Project("{2150E333-8FDC-42A3-9474-1A3956D46DE8}") = "Other", "Other", "{6CE99487-E739-48A0-A428-D8822B56DF89}"
EndProject
Project("{9A19103F-16F7-4668-BE54-9A1E7A4F7556}") = "WebTaskReports.Domain", "Common\WebTaskReports.Domain\WebTaskReports.Domain.csproj", "{BF621EAB-F297-4603-80B7-9BCE247CA78D}"
	ProjectSection(ProjectDependencies) = postProject
		{0C630DE0-B632-430E-9066-1A8B4E5B310E} = {0C630DE0-B632-430E-9066-1A8B4E5B310E}
	EndProjectSection
EndProject
Project("{9A19103F-16F7-4668-BE54-9A1E7A4F7556}") = "WebTestApp", "Other\WebTestApp\WebTestApp.csproj", "{CA541CCB-68E6-4C0C-811D-D87C90F7AAE7}"
EndProject
Project("{9A19103F-16F7-4668-BE54-9A1E7A4F7556}") = "WebTaskReports.DAL", "Services\WebTaskReports.DAL\WebTaskReports.DAL.csproj", "{0C630DE0-B632-430E-9066-1A8B4E5B310E}"
EndProject
Project("{9A19103F-16F7-4668-BE54-9A1E7A4F7556}") = "WebTaskReports", "UI\WebTaskReports\WebTaskReports.csproj", "{FA0FDE89-3A9C-43E4-A425-E0B6C76CCE44}"
	ProjectSection(ProjectDependencies) = postProject
		{BF621EAB-F297-4603-80B7-9BCE247CA78D} = {BF621EAB-F297-4603-80B7-9BCE247CA78D}
	EndProjectSection
EndProject
Project("{9A19103F-16F7-4668-BE54-9A1E7A4F7556}") = "WebTaskReports.ServiceHosting", "Services\WebTaskReports.ServiceHosting\WebTaskReports.ServiceHosting.csproj", "{9AE2E617-5BD9-499F-B465-08D5DFDB7234}"
EndProject
Project("{FAE04EC0-301F-11D3-BF4B-00C04F79EFBC}") = "WebTaskReports.Interfaces", "Services\WebTaskReports.Interfaces\WebTaskReports.Interfaces.csproj", "{7639E833-0380-4BD9-B568-38603BC779DA}"
EndProject
Project("{FAE04EC0-301F-11D3-BF4B-00C04F79EFBC}") = "WebTaskReports.Clients", "Services\WebTaskReports.Clients\WebTaskReports.Clients.csproj", "{AE89B53A-48B4-4458-BDD1-EEB22FBF54E4}"
EndProject
Project("{FAE04EC0-301F-11D3-BF4B-00C04F79EFBC}") = "WebTaskReports.Services", "Services\WebTaskReports.Services\WebTaskReports.Services.csproj", "{4B0A7614-50A5-4A8A-ADDF-49ABD91EB0BA}"
EndProject
Global
	GlobalSection(SolutionConfigurationPlatforms) = preSolution
		Debug|Any CPU = Debug|Any CPU
		Release|Any CPU = Release|Any CPU
	EndGlobalSection
	GlobalSection(ProjectConfigurationPlatforms) = postSolution
		{BF621EAB-F297-4603-80B7-9BCE247CA78D}.Debug|Any CPU.ActiveCfg = Debug|Any CPU
		{BF621EAB-F297-4603-80B7-9BCE247CA78D}.Debug|Any CPU.Build.0 = Debug|Any CPU
		{BF621EAB-F297-4603-80B7-9BCE247CA78D}.Release|Any CPU.ActiveCfg = Release|Any CPU
		{BF621EAB-F297-4603-80B7-9BCE247CA78D}.Release|Any CPU.Build.0 = Release|Any CPU
		{CA541CCB-68E6-4C0C-811D-D87C90F7AAE7}.Debug|Any CPU.ActiveCfg = Debug|Any CPU
		{CA541CCB-68E6-4C0C-811D-D87C90F7AAE7}.Debug|Any CPU.Build.0 = Debug|Any CPU
		{CA541CCB-68E6-4C0C-811D-D87C90F7AAE7}.Release|Any CPU.ActiveCfg = Release|Any CPU
		{CA541CCB-68E6-4C0C-811D-D87C90F7AAE7}.Release|Any CPU.Build.0 = Release|Any CPU
		{0C630DE0-B632-430E-9066-1A8B4E5B310E}.Debug|Any CPU.ActiveCfg = Debug|Any CPU
		{0C630DE0-B632-430E-9066-1A8B4E5B310E}.Debug|Any CPU.Build.0 = Debug|Any CPU
		{0C630DE0-B632-430E-9066-1A8B4E5B310E}.Release|Any CPU.ActiveCfg = Release|Any CPU
		{0C630DE0-B632-430E-9066-1A8B4E5B310E}.Release|Any CPU.Build.0 = Release|Any CPU
		{FA0FDE89-3A9C-43E4-A425-E0B6C76CCE44}.Debug|Any CPU.ActiveCfg = Debug|Any CPU
		{FA0FDE89-3A9C-43E4-A425-E0B6C76CCE44}.Debug|Any CPU.Build.0 = Debug|Any CPU
		{FA0FDE89-3A9C-43E4-A425-E0B6C76CCE44}.Release|Any CPU.ActiveCfg = Release|Any CPU
		{FA0FDE89-3A9C-43E4-A425-E0B6C76CCE44}.Release|Any CPU.Build.0 = Release|Any CPU
		{9AE2E617-5BD9-499F-B465-08D5DFDB7234}.Debug|Any CPU.ActiveCfg = Debug|Any CPU
		{9AE2E617-5BD9-499F-B465-08D5DFDB7234}.Debug|Any CPU.Build.0 = Debug|Any CPU
		{9AE2E617-5BD9-499F-B465-08D5DFDB7234}.Release|Any CPU.ActiveCfg = Release|Any CPU
		{9AE2E617-5BD9-499F-B465-08D5DFDB7234}.Release|Any CPU.Build.0 = Release|Any CPU
		{7639E833-0380-4BD9-B568-38603BC779DA}.Debug|Any CPU.ActiveCfg = Debug|Any CPU
		{7639E833-0380-4BD9-B568-38603BC779DA}.Debug|Any CPU.Build.0 = Debug|Any CPU
		{7639E833-0380-4BD9-B568-38603BC779DA}.Release|Any CPU.ActiveCfg = Release|Any CPU
		{7639E833-0380-4BD9-B568-38603BC779DA}.Release|Any CPU.Build.0 = Release|Any CPU
		{AE89B53A-48B4-4458-BDD1-EEB22FBF54E4}.Debug|Any CPU.ActiveCfg = Debug|Any CPU
		{AE89B53A-48B4-4458-BDD1-EEB22FBF54E4}.Debug|Any CPU.Build.0 = Debug|Any CPU
		{AE89B53A-48B4-4458-BDD1-EEB22FBF54E4}.Release|Any CPU.ActiveCfg = Release|Any CPU
		{AE89B53A-48B4-4458-BDD1-EEB22FBF54E4}.Release|Any CPU.Build.0 = Release|Any CPU
		{4B0A7614-50A5-4A8A-ADDF-49ABD91EB0BA}.Debug|Any CPU.ActiveCfg = Debug|Any CPU
		{4B0A7614-50A5-4A8A-ADDF-49ABD91EB0BA}.Debug|Any CPU.Build.0 = Debug|Any CPU
		{4B0A7614-50A5-4A8A-ADDF-49ABD91EB0BA}.Release|Any CPU.ActiveCfg = Release|Any CPU
		{4B0A7614-50A5-4A8A-ADDF-49ABD91EB0BA}.Release|Any CPU.Build.0 = Release|Any CPU
	EndGlobalSection
	GlobalSection(SolutionProperties) = preSolution
		HideSolutionNode = FALSE
	EndGlobalSection
	GlobalSection(NestedProjects) = preSolution
		{BF621EAB-F297-4603-80B7-9BCE247CA78D} = {601AF39D-7EB1-4DDC-B75D-23D64196F6FF}
		{CA541CCB-68E6-4C0C-811D-D87C90F7AAE7} = {6CE99487-E739-48A0-A428-D8822B56DF89}
		{0C630DE0-B632-430E-9066-1A8B4E5B310E} = {7239E506-B12C-4A2D-857B-AD2486B5B461}
		{FA0FDE89-3A9C-43E4-A425-E0B6C76CCE44} = {426686D6-BA45-4059-B983-ABE0B3057617}
		{9AE2E617-5BD9-499F-B465-08D5DFDB7234} = {7239E506-B12C-4A2D-857B-AD2486B5B461}
		{7639E833-0380-4BD9-B568-38603BC779DA} = {7239E506-B12C-4A2D-857B-AD2486B5B461}
		{AE89B53A-48B4-4458-BDD1-EEB22FBF54E4} = {7239E506-B12C-4A2D-857B-AD2486B5B461}
		{4B0A7614-50A5-4A8A-ADDF-49ABD91EB0BA} = {7239E506-B12C-4A2D-857B-AD2486B5B461}
	EndGlobalSection
	GlobalSection(ExtensibilityGlobals) = postSolution
		SolutionGuid = {C94306F7-7A82-4012-BA46-2BE625DB219F}
	EndGlobalSection
EndGlobal
